
Microsoft Visual Studio Solution File, Format Version 12.00
# Visual Studio Version 17
VisualStudioVersion = 17.11.35327.3
MinimumVisualStudioVersion = 10.0.40219.1
Project("{FAE04EC0-301F-11D3-BF4B-00C04F79EFBC}") = "ImageForge", "UzantiCeviriciAdvanced\ImageForge.csproj", "{B4FDA9B0-9EB5-406D-B682-985CAF629DEF}"
EndProject
Global
	GlobalSection(SolutionConfigurationPlatforms) = preSolution
		Debug|Any CPU = Debug|Any CPU
		Release|Any CPU = Release|Any CPU
	EndGlobalSection
	GlobalSection(ProjectConfigurationPlatforms) = postSolution
		{B4FDA9B0-9EB5-406D-B682-985CAF629DEF}.Debug|Any CPU.ActiveCfg = Debug|Any CPU
		{B4FDA9B0-9EB5-406D-B682-985CAF629DEF}.Debug|Any CPU.Build.0 = Debug|Any CPU
		{B4FDA9B0-9EB5-406D-B682-985CAF629DEF}.Release|Any CPU.ActiveCfg = Release|Any CPU
		{B4FDA9B0-9EB5-406D-B682-985CAF629DEF}.Release|Any CPU.Build.0 = Release|Any CPU
	EndGlobalSection
	GlobalSection(SolutionProperties) = preSolution
		HideSolutionNode = FALSE
	EndGlobalSection
	GlobalSection(ExtensibilityGlobals) = postSolution
		SolutionGuid = {BE49A0FF-729C-4AEE-9868-9594A2C54F9F}
	EndGlobalSection
EndGlobal
